
Microsoft Visual Studio Solution File, Format Version 12.00
# Visual Studio 14
VisualStudioVersion = 14.0.25420.1
MinimumVisualStudioVersion = 10.0.40219.1
Project("{F184B08F-C81C-45F6-A57F-5ABD9991F28F}") = "MTZMetaModel", "Generated\Ядро\VB.NET Model\MTZMetaModel\MTZMetaModel.vbproj", "{3E351770-05C0-4569-B7D7-EBD6F5EE49C4}"
EndProject
Project("{F184B08F-C81C-45F6-A57F-5ABD9991F28F}") = "L2Manager", "objmanager\L2Manager.vbproj", "{C2AED02B-2ED8-497A-B79E-AFC4E5967F29}"
EndProject
Project("{F184B08F-C81C-45F6-A57F-5ABD9991F28F}") = "Latir2GuiManager", "GuiManager\Latir2GuiManager.vbproj", "{60996302-32D9-4636-9695-4046E51779BE}"
EndProject
Project("{F184B08F-C81C-45F6-A57F-5ABD9991F28F}") = "LATIR_MYSQLGen", "GENERATORS\LATIR_MySQLGen\LATIR_MYSQLGen.vbproj", "{326337B1-DCDF-4787-8D5C-2322D55B0082}"
EndProject
Project("{F184B08F-C81C-45F6-A57F-5ABD9991F28F}") = "LATIR_VBModel", "GENERATORS\LATIR_VBMODEL2\LATIR_VBModel.vbproj", "{2F5FA48E-2A22-4817-9E08-035BB0331E72}"
EndProject
Project("{FAE04EC0-301F-11D3-BF4B-00C04F79EFBC}") = "LATIR2Framework", "LATIRFramework\LATIR2Framework.csproj", "{98E98ADC-D666-45AA-BC9A-B441B03D4B15}"
EndProject
Project("{F184B08F-C81C-45F6-A57F-5ABD9991F28F}") = "Administrator", "applications\administrator\Administrator.vbproj", "{317FD8BE-1B10-403C-83BA-32150829029D}"
EndProject
Project("{F184B08F-C81C-45F6-A57F-5ABD9991F28F}") = "LATIR_MSSQLGen", "GENERATORS\LATIR_SQLGen2\LATIR_MSSQLGen.vbproj", "{9EA470C4-C0EB-443A-BC23-9E00E99F21E0}"
EndProject
Project("{F184B08F-C81C-45F6-A57F-5ABD9991F28F}") = "LATIR_WINNET", "GENERATORS\LATIR_WINNET2\LATIR_WINNET.vbproj", "{ABFA76CF-338B-455B-B4BF-D1ABF94939FB}"
EndProject
Project("{F184B08F-C81C-45F6-A57F-5ABD9991F28F}") = "LATIR_OracleGen", "GENERATORS\LATIR_ORACLEGEN\OracleGen\LATIR_OracleGen.vbproj", "{DD2EEEA2-048A-47D8-A545-D531B5DC9BB0}"
EndProject
Project("{F184B08F-C81C-45F6-A57F-5ABD9991F28F}") = "LATIR_PostgresGen", "GENERATORS\LATIR_POSTRESGEN\LATIR_PostgresGen.vbproj", "{F1CB0541-663E-42E6-B349-C69C5FB9C155}"
EndProject
Project("{F184B08F-C81C-45F6-A57F-5ABD9991F28F}") = "LATIRGenerator", "LATIRGENERATOR\LATIRGenerator.vbproj", "{DE43AAE4-1C37-47EB-A4C3-00A5619D08F8}"
EndProject
Project("{F184B08F-C81C-45F6-A57F-5ABD9991F28F}") = "MTZUsers", "Generated\Ядро\VB.NET Model\MTZUsers\MTZUsers.vbproj", "{FE4B362E-88E2-4E42-BE6E-BC5C96EDCA5D}"
EndProject
Project("{F184B08F-C81C-45F6-A57F-5ABD9991F28F}") = "MTZJrnl", "Generated\Ядро2\VB.NET Model\MTZJrnl\MTZJrnl.vbproj", "{B0C9AE57-AA49-4C08-9FB1-E3D531C1AF15}"
EndProject
Project("{F184B08F-C81C-45F6-A57F-5ABD9991F28F}") = "MTZwp", "Generated\Ядро2\VB.NET Model\MTZwp\MTZwp.vbproj", "{6A786B2B-70F4-4195-81D7-E3D3F4C3B462}"
EndProject
Project("{F184B08F-C81C-45F6-A57F-5ABD9991F28F}") = "MTZFltr", "Generated\Ядро2\VB.NET Model\MTZFltr\MTZFltr.vbproj", "{6EBA831A-2185-4318-A057-C5D1F9E5158A}"
EndProject
Project("{FAE04EC0-301F-11D3-BF4B-00C04F79EFBC}") = "NetronLight", "NetronLight\NetronLight.csproj", "{6E58DFD7-5154-4AA3-96DF-E562DE00393B}"
EndProject
Project("{F184B08F-C81C-45F6-A57F-5ABD9991F28F}") = "MTZMetaModelGUI", "Generated\Ядро\VB.NET Interface\MTZMetaModel\MTZMetaModelGUI.vbproj", "{4BA767FF-F965-4BBE-BDC4-A9D5F0D17502}"
EndProject
Project("{F184B08F-C81C-45F6-A57F-5ABD9991F28F}") = "STDLATIRGUIControls", "StdGuiControls\STDLATIRGUIControls.vbproj", "{1CB10A3B-3341-4E1D-B5B7-531919D79944}"
EndProject
Project("{F184B08F-C81C-45F6-A57F-5ABD9991F28F}") = "MTZUsersGUI", "Generated\Ядро\VB.NET Interface\MTZUsers\MTZUsersGUI.vbproj", "{5A015873-4F52-4643-B03B-A934813A92A1}"
EndProject
Project("{FAE04EC0-301F-11D3-BF4B-00C04F79EFBC}") = "GanttChart", "GanttChart\GanttChart.csproj", "{F98F97D5-4F29-4531-AD05-D90F8E84C9AA}"
EndProject
Project("{F184B08F-C81C-45F6-A57F-5ABD9991F28F}") = "STDJournal", "StdJournal\STDJournal.vbproj", "{E40D6710-C21D-444D-8E81-3F8D07CD8260}"
EndProject
Project("{F184B08F-C81C-45F6-A57F-5ABD9991F28F}") = "ORAdbInstall", "applications\ORADBInstal\ORAdbInstall.vbproj", "{C8DD25BF-D7A6-48F7-B94C-E9FBC33DBE31}"
EndProject
Project("{F184B08F-C81C-45F6-A57F-5ABD9991F28F}") = "ModelLoader", "applications\modelloader\ModelLoader.vbproj", "{48376712-0DFB-412D-BA0E-927C38FA6325}"
EndProject
Project("{FAE04EC0-301F-11D3-BF4B-00C04F79EFBC}") = "SpreadSheetLight1", "SpreadSheetLight1\SpreadSheetLight1.csproj", "{D6987FB2-92ED-41C9-8D61-0CE555AE62D7}"
EndProject
Project("{F184B08F-C81C-45F6-A57F-5ABD9991F28F}") = "MYSQLdbInstall", "applications\MySQLDBInstal\MYSQLdbInstall.vbproj", "{4422206E-3FBF-42AD-BAE5-426E38E78693}"
EndProject
Project("{F184B08F-C81C-45F6-A57F-5ABD9991F28F}") = "Configurator", "applications\configurator\Configurator.vbproj", "{0BD8C5CD-F6F5-46FE-993B-6B8EB9C29EB8}"
EndProject
Project("{F184B08F-C81C-45F6-A57F-5ABD9991F28F}") = "Ext6_JSPHPBuilder", "applications\Ext6_JSPHPBuilder\Ext6_JSPHPBuilder.vbproj", "{046A637E-0401-4DD4-B42A-E718AEB34E1F}"
EndProject
Project("{F184B08F-C81C-45F6-A57F-5ABD9991F28F}") = "Ext5_JSPHPBuilder", "applications\L4JSPHPBuilder\Ext5_JSPHPBuilder.vbproj", "{81F2AAEC-BA14-489C-B4B7-E2A3294F4CFE}"
EndProject
Project("{F184B08F-C81C-45F6-A57F-5ABD9991F28F}") = "gPic", "gPic\gPic.vbproj", "{C3853A33-EE99-4C9A-A48B-3340A1CE171E}"
EndProject
Global
	GlobalSection(SolutionConfigurationPlatforms) = preSolution
		Debug|Any CPU = Debug|Any CPU
		Debug|ARM = Debug|ARM
		Debug|x64 = Debug|x64
		Debug|x86 = Debug|x86
		Release|Any CPU = Release|Any CPU
		Release|ARM = Release|ARM
		Release|x64 = Release|x64
		Release|x86 = Release|x86
	EndGlobalSection
	GlobalSection(ProjectConfigurationPlatforms) = postSolution
		{3E351770-05C0-4569-B7D7-EBD6F5EE49C4}.Debug|Any CPU.ActiveCfg = Debug|Any CPU
		{3E351770-05C0-4569-B7D7-EBD6F5EE49C4}.Debug|Any CPU.Build.0 = Debug|Any CPU
		{3E351770-05C0-4569-B7D7-EBD6F5EE49C4}.Debug|ARM.ActiveCfg = Debug|Any CPU
		{3E351770-05C0-4569-B7D7-EBD6F5EE49C4}.Debug|ARM.Build.0 = Debug|Any CPU
		{3E351770-05C0-4569-B7D7-EBD6F5EE49C4}.Debug|x64.ActiveCfg = Debug|Any CPU
		{3E351770-05C0-4569-B7D7-EBD6F5EE49C4}.Debug|x64.Build.0 = Debug|Any CPU
		{3E351770-05C0-4569-B7D7-EBD6F5EE49C4}.Debug|x86.ActiveCfg = Debug|Any CPU
		{3E351770-05C0-4569-B7D7-EBD6F5EE49C4}.Debug|x86.Build.0 = Debug|Any CPU
		{3E351770-05C0-4569-B7D7-EBD6F5EE49C4}.Release|Any CPU.ActiveCfg = Release|Any CPU
		{3E351770-05C0-4569-B7D7-EBD6F5EE49C4}.Release|Any CPU.Build.0 = Release|Any CPU
		{3E351770-05C0-4569-B7D7-EBD6F5EE49C4}.Release|ARM.ActiveCfg = Release|Any CPU
		{3E351770-05C0-4569-B7D7-EBD6F5EE49C4}.Release|ARM.Build.0 = Release|Any CPU
		{3E351770-05C0-4569-B7D7-EBD6F5EE49C4}.Release|x64.ActiveCfg = Release|Any CPU
		{3E351770-05C0-4569-B7D7-EBD6F5EE49C4}.Release|x64.Build.0 = Release|Any CPU
		{3E351770-05C0-4569-B7D7-EBD6F5EE49C4}.Release|x86.ActiveCfg = Release|Any CPU
		{3E351770-05C0-4569-B7D7-EBD6F5EE49C4}.Release|x86.Build.0 = Release|Any CPU
		{C2AED02B-2ED8-497A-B79E-AFC4E5967F29}.Debug|Any CPU.ActiveCfg = Debug|Any CPU
		{C2AED02B-2ED8-497A-B79E-AFC4E5967F29}.Debug|Any CPU.Build.0 = Debug|Any CPU
		{C2AED02B-2ED8-497A-B79E-AFC4E5967F29}.Debug|ARM.ActiveCfg = Debug|Any CPU
		{C2AED02B-2ED8-497A-B79E-AFC4E5967F29}.Debug|ARM.Build.0 = Debug|Any CPU
		{C2AED02B-2ED8-497A-B79E-AFC4E5967F29}.Debug|x64.ActiveCfg = Debug|Any CPU
		{C2AED02B-2ED8-497A-B79E-AFC4E5967F29}.Debug|x64.Build.0 = Debug|Any CPU
		{C2AED02B-2ED8-497A-B79E-AFC4E5967F29}.Debug|x86.ActiveCfg = Debug|Any CPU
		{C2AED02B-2ED8-497A-B79E-AFC4E5967F29}.Debug|x86.Build.0 = Debug|Any CPU
		{C2AED02B-2ED8-497A-B79E-AFC4E5967F29}.Release|Any CPU.ActiveCfg = Release|Any CPU
		{C2AED02B-2ED8-497A-B79E-AFC4E5967F29}.Release|Any CPU.Build.0 = Release|Any CPU
		{C2AED02B-2ED8-497A-B79E-AFC4E5967F29}.Release|ARM.ActiveCfg = Release|Any CPU
		{C2AED02B-2ED8-497A-B79E-AFC4E5967F29}.Release|ARM.Build.0 = Release|Any CPU
		{C2AED02B-2ED8-497A-B79E-AFC4E5967F29}.Release|x64.ActiveCfg = Release|Any CPU
		{C2AED02B-2ED8-497A-B79E-AFC4E5967F29}.Release|x64.Build.0 = Release|Any CPU
		{C2AED02B-2ED8-497A-B79E-AFC4E5967F29}.Release|x86.ActiveCfg = Release|Any CPU
		{C2AED02B-2ED8-497A-B79E-AFC4E5967F29}.Release|x86.Build.0 = Release|Any CPU
		{60996302-32D9-4636-9695-4046E51779BE}.Debug|Any CPU.ActiveCfg = Debug|Any CPU
		{60996302-32D9-4636-9695-4046E51779BE}.Debug|Any CPU.Build.0 = Debug|Any CPU
		{60996302-32D9-4636-9695-4046E51779BE}.Debug|ARM.ActiveCfg = Debug|Any CPU
		{60996302-32D9-4636-9695-4046E51779BE}.Debug|ARM.Build.0 = Debug|Any CPU
		{60996302-32D9-4636-9695-4046E51779BE}.Debug|x64.ActiveCfg = Debug|Any CPU
		{60996302-32D9-4636-9695-4046E51779BE}.Debug|x64.Build.0 = Debug|Any CPU
		{60996302-32D9-4636-9695-4046E51779BE}.Debug|x86.ActiveCfg = Debug|Any CPU
		{60996302-32D9-4636-9695-4046E51779BE}.Debug|x86.Build.0 = Debug|Any CPU
		{60996302-32D9-4636-9695-4046E51779BE}.Release|Any CPU.ActiveCfg = Release|Any CPU
		{60996302-32D9-4636-9695-4046E51779BE}.Release|Any CPU.Build.0 = Release|Any CPU
		{60996302-32D9-4636-9695-4046E51779BE}.Release|ARM.ActiveCfg = Release|Any CPU
		{60996302-32D9-4636-9695-4046E51779BE}.Release|ARM.Build.0 = Release|Any CPU
		{60996302-32D9-4636-9695-4046E51779BE}.Release|x64.ActiveCfg = Release|Any CPU
		{60996302-32D9-4636-9695-4046E51779BE}.Release|x64.Build.0 = Release|Any CPU
		{60996302-32D9-4636-9695-4046E51779BE}.Release|x86.ActiveCfg = Release|Any CPU
		{60996302-32D9-4636-9695-4046E51779BE}.Release|x86.Build.0 = Release|Any CPU
		{326337B1-DCDF-4787-8D5C-2322D55B0082}.Debug|Any CPU.ActiveCfg = Debug|Any CPU
		{326337B1-DCDF-4787-8D5C-2322D55B0082}.Debug|Any CPU.Build.0 = Debug|Any CPU
		{326337B1-DCDF-4787-8D5C-2322D55B0082}.Debug|ARM.ActiveCfg = Debug|Any CPU
		{326337B1-DCDF-4787-8D5C-2322D55B0082}.Debug|ARM.Build.0 = Debug|Any CPU
		{326337B1-DCDF-4787-8D5C-2322D55B0082}.Debug|x64.ActiveCfg = Debug|Any CPU
		{326337B1-DCDF-4787-8D5C-2322D55B0082}.Debug|x64.Build.0 = Debug|Any CPU
		{326337B1-DCDF-4787-8D5C-2322D55B0082}.Debug|x86.ActiveCfg = Debug|Any CPU
		{326337B1-DCDF-4787-8D5C-2322D55B0082}.Debug|x86.Build.0 = Debug|Any CPU
		{326337B1-DCDF-4787-8D5C-2322D55B0082}.Release|Any CPU.ActiveCfg = Release|Any CPU
		{326337B1-DCDF-4787-8D5C-2322D55B0082}.Release|Any CPU.Build.0 = Release|Any CPU
		{326337B1-DCDF-4787-8D5C-2322D55B0082}.Release|ARM.ActiveCfg = Release|Any CPU
		{326337B1-DCDF-4787-8D5C-2322D55B0082}.Release|ARM.Build.0 = Release|Any CPU
		{326337B1-DCDF-4787-8D5C-2322D55B0082}.Release|x64.ActiveCfg = Release|Any CPU
		{326337B1-DCDF-4787-8D5C-2322D55B0082}.Release|x64.Build.0 = Release|Any CPU
		{326337B1-DCDF-4787-8D5C-2322D55B0082}.Release|x86.ActiveCfg = Release|Any CPU
		{326337B1-DCDF-4787-8D5C-2322D55B0082}.Release|x86.Build.0 = Release|Any CPU
		{2F5FA48E-2A22-4817-9E08-035BB0331E72}.Debug|Any CPU.ActiveCfg = Debug|Any CPU
		{2F5FA48E-2A22-4817-9E08-035BB0331E72}.Debug|Any CPU.Build.0 = Debug|Any CPU
		{2F5FA48E-2A22-4817-9E08-035BB0331E72}.Debug|ARM.ActiveCfg = Debug|Any CPU
		{2F5FA48E-2A22-4817-9E08-035BB0331E72}.Debug|ARM.Build.0 = Debug|Any CPU
		{2F5FA48E-2A22-4817-9E08-035BB0331E72}.Debug|x64.ActiveCfg = Debug|Any CPU
		{2F5FA48E-2A22-4817-9E08-035BB0331E72}.Debug|x64.Build.0 = Debug|Any CPU
		{2F5FA48E-2A22-4817-9E08-035BB0331E72}.Debug|x86.ActiveCfg = Debug|Any CPU
		{2F5FA48E-2A22-4817-9E08-035BB0331E72}.Debug|x86.Build.0 = Debug|Any CPU
		{2F5FA48E-2A22-4817-9E08-035BB0331E72}.Release|Any CPU.ActiveCfg = Release|Any CPU
		{2F5FA48E-2A22-4817-9E08-035BB0331E72}.Release|Any CPU.Build.0 = Release|Any CPU
		{2F5FA48E-2A22-4817-9E08-035BB0331E72}.Release|ARM.ActiveCfg = Release|Any CPU
		{2F5FA48E-2A22-4817-9E08-035BB0331E72}.Release|ARM.Build.0 = Release|Any CPU
		{2F5FA48E-2A22-4817-9E08-035BB0331E72}.Release|x64.ActiveCfg = Release|Any CPU
		{2F5FA48E-2A22-4817-9E08-035BB0331E72}.Release|x64.Build.0 = Release|Any CPU
		{2F5FA48E-2A22-4817-9E08-035BB0331E72}.Release|x86.ActiveCfg = Release|Any CPU
		{2F5FA48E-2A22-4817-9E08-035BB0331E72}.Release|x86.Build.0 = Release|Any CPU
		{98E98ADC-D666-45AA-BC9A-B441B03D4B15}.Debug|Any CPU.ActiveCfg = Debug|Any CPU
		{98E98ADC-D666-45AA-BC9A-B441B03D4B15}.Debug|Any CPU.Build.0 = Debug|Any CPU
		{98E98ADC-D666-45AA-BC9A-B441B03D4B15}.Debug|ARM.ActiveCfg = Debug|Any CPU
		{98E98ADC-D666-45AA-BC9A-B441B03D4B15}.Debug|ARM.Build.0 = Debug|Any CPU
		{98E98ADC-D666-45AA-BC9A-B441B03D4B15}.Debug|x64.ActiveCfg = Debug|Any CPU
		{98E98ADC-D666-45AA-BC9A-B441B03D4B15}.Debug|x64.Build.0 = Debug|Any CPU
		{98E98ADC-D666-45AA-BC9A-B441B03D4B15}.Debug|x86.ActiveCfg = Debug|Any CPU
		{98E98ADC-D666-45AA-BC9A-B441B03D4B15}.Debug|x86.Build.0 = Debug|Any CPU
		{98E98ADC-D666-45AA-BC9A-B441B03D4B15}.Release|Any CPU.ActiveCfg = Release|Any CPU
		{98E98ADC-D666-45AA-BC9A-B441B03D4B15}.Release|Any CPU.Build.0 = Release|Any CPU
		{98E98ADC-D666-45AA-BC9A-B441B03D4B15}.Release|ARM.ActiveCfg = Release|Any CPU
		{98E98ADC-D666-45AA-BC9A-B441B03D4B15}.Release|ARM.Build.0 = Release|Any CPU
		{98E98ADC-D666-45AA-BC9A-B441B03D4B15}.Release|x64.ActiveCfg = Release|Any CPU
		{98E98ADC-D666-45AA-BC9A-B441B03D4B15}.Release|x64.Build.0 = Release|Any CPU
		{98E98ADC-D666-45AA-BC9A-B441B03D4B15}.Release|x86.ActiveCfg = Release|Any CPU
		{98E98ADC-D666-45AA-BC9A-B441B03D4B15}.Release|x86.Build.0 = Release|Any CPU
		{317FD8BE-1B10-403C-83BA-32150829029D}.Debug|Any CPU.ActiveCfg = Debug|Any CPU
		{317FD8BE-1B10-403C-83BA-32150829029D}.Debug|Any CPU.Build.0 = Debug|Any CPU
		{317FD8BE-1B10-403C-83BA-32150829029D}.Debug|ARM.ActiveCfg = Debug|Any CPU
		{317FD8BE-1B10-403C-83BA-32150829029D}.Debug|ARM.Build.0 = Debug|Any CPU
		{317FD8BE-1B10-403C-83BA-32150829029D}.Debug|x64.ActiveCfg = Debug|Any CPU
		{317FD8BE-1B10-403C-83BA-32150829029D}.Debug|x64.Build.0 = Debug|Any CPU
		{317FD8BE-1B10-403C-83BA-32150829029D}.Debug|x86.ActiveCfg = Debug|Any CPU
		{317FD8BE-1B10-403C-83BA-32150829029D}.Debug|x86.Build.0 = Debug|Any CPU
		{317FD8BE-1B10-403C-83BA-32150829029D}.Release|Any CPU.ActiveCfg = Release|Any CPU
		{317FD8BE-1B10-403C-83BA-32150829029D}.Release|Any CPU.Build.0 = Release|Any CPU
		{317FD8BE-1B10-403C-83BA-32150829029D}.Release|ARM.ActiveCfg = Release|Any CPU
		{317FD8BE-1B10-403C-83BA-32150829029D}.Release|ARM.Build.0 = Release|Any CPU
		{317FD8BE-1B10-403C-83BA-32150829029D}.Release|x64.ActiveCfg = Release|Any CPU
		{317FD8BE-1B10-403C-83BA-32150829029D}.Release|x64.Build.0 = Release|Any CPU
		{317FD8BE-1B10-403C-83BA-32150829029D}.Release|x86.ActiveCfg = Release|Any CPU
		{317FD8BE-1B10-403C-83BA-32150829029D}.Release|x86.Build.0 = Release|Any CPU
		{9EA470C4-C0EB-443A-BC23-9E00E99F21E0}.Debug|Any CPU.ActiveCfg = Debug|Any CPU
		{9EA470C4-C0EB-443A-BC23-9E00E99F21E0}.Debug|Any CPU.Build.0 = Debug|Any CPU
		{9EA470C4-C0EB-443A-BC23-9E00E99F21E0}.Debug|ARM.ActiveCfg = Debug|Any CPU
		{9EA470C4-C0EB-443A-BC23-9E00E99F21E0}.Debug|ARM.Build.0 = Debug|Any CPU
		{9EA470C4-C0EB-443A-BC23-9E00E99F21E0}.Debug|x64.ActiveCfg = Debug|Any CPU
		{9EA470C4-C0EB-443A-BC23-9E00E99F21E0}.Debug|x64.Build.0 = Debug|Any CPU
		{9EA470C4-C0EB-443A-BC23-9E00E99F21E0}.Debug|x86.ActiveCfg = Debug|Any CPU
		{9EA470C4-C0EB-443A-BC23-9E00E99F21E0}.Debug|x86.Build.0 = Debug|Any CPU
		{9EA470C4-C0EB-443A-BC23-9E00E99F21E0}.Release|Any CPU.ActiveCfg = Release|Any CPU
		{9EA470C4-C0EB-443A-BC23-9E00E99F21E0}.Release|Any CPU.Build.0 = Release|Any CPU
		{9EA470C4-C0EB-443A-BC23-9E00E99F21E0}.Release|ARM.ActiveCfg = Release|Any CPU
		{9EA470C4-C0EB-443A-BC23-9E00E99F21E0}.Release|ARM.Build.0 = Release|Any CPU
		{9EA470C4-C0EB-443A-BC23-9E00E99F21E0}.Release|x64.ActiveCfg = Release|Any CPU
		{9EA470C4-C0EB-443A-BC23-9E00E99F21E0}.Release|x64.Build.0 = Release|Any CPU
		{9EA470C4-C0EB-443A-BC23-9E00E99F21E0}.Release|x86.ActiveCfg = Release|Any CPU
		{9EA470C4-C0EB-443A-BC23-9E00E99F21E0}.Release|x86.Build.0 = Release|Any CPU
		{ABFA76CF-338B-455B-B4BF-D1ABF94939FB}.Debug|Any CPU.ActiveCfg = Debug|Any CPU
		{ABFA76CF-338B-455B-B4BF-D1ABF94939FB}.Debug|Any CPU.Build.0 = Debug|Any CPU
		{ABFA76CF-338B-455B-B4BF-D1ABF94939FB}.Debug|ARM.ActiveCfg = Debug|Any CPU
		{ABFA76CF-338B-455B-B4BF-D1ABF94939FB}.Debug|ARM.Build.0 = Debug|Any CPU
		{ABFA76CF-338B-455B-B4BF-D1ABF94939FB}.Debug|x64.ActiveCfg = Debug|Any CPU
		{ABFA76CF-338B-455B-B4BF-D1ABF94939FB}.Debug|x64.Build.0 = Debug|Any CPU
		{ABFA76CF-338B-455B-B4BF-D1ABF94939FB}.Debug|x86.ActiveCfg = Debug|Any CPU
		{ABFA76CF-338B-455B-B4BF-D1ABF94939FB}.Debug|x86.Build.0 = Debug|Any CPU
		{ABFA76CF-338B-455B-B4BF-D1ABF94939FB}.Release|Any CPU.ActiveCfg = Release|Any CPU
		{ABFA76CF-338B-455B-B4BF-D1ABF94939FB}.Release|Any CPU.Build.0 = Release|Any CPU
		{ABFA76CF-338B-455B-B4BF-D1ABF94939FB}.Release|ARM.ActiveCfg = Release|Any CPU
		{ABFA76CF-338B-455B-B4BF-D1ABF94939FB}.Release|ARM.Build.0 = Release|Any CPU
		{ABFA76CF-338B-455B-B4BF-D1ABF94939FB}.Release|x64.ActiveCfg = Release|Any CPU
		{ABFA76CF-338B-455B-B4BF-D1ABF94939FB}.Release|x64.Build.0 = Release|Any CPU
		{ABFA76CF-338B-455B-B4BF-D1ABF94939FB}.Release|x86.ActiveCfg = Release|Any CPU
		{ABFA76CF-338B-455B-B4BF-D1ABF94939FB}.Release|x86.Build.0 = Release|Any CPU
		{DD2EEEA2-048A-47D8-A545-D531B5DC9BB0}.Debug|Any CPU.ActiveCfg = Debug|Any CPU
		{DD2EEEA2-048A-47D8-A545-D531B5DC9BB0}.Debug|Any CPU.Build.0 = Debug|Any CPU
		{DD2EEEA2-048A-47D8-A545-D531B5DC9BB0}.Debug|ARM.ActiveCfg = Debug|Any CPU
		{DD2EEEA2-048A-47D8-A545-D531B5DC9BB0}.Debug|ARM.Build.0 = Debug|Any CPU
		{DD2EEEA2-048A-47D8-A545-D531B5DC9BB0}.Debug|x64.ActiveCfg = Debug|Any CPU
		{DD2EEEA2-048A-47D8-A545-D531B5DC9BB0}.Debug|x64.Build.0 = Debug|Any CPU
		{DD2EEEA2-048A-47D8-A545-D531B5DC9BB0}.Debug|x86.ActiveCfg = Debug|Any CPU
		{DD2EEEA2-048A-47D8-A545-D531B5DC9BB0}.Debug|x86.Build.0 = Debug|Any CPU
		{DD2EEEA2-048A-47D8-A545-D531B5DC9BB0}.Release|Any CPU.ActiveCfg = Release|Any CPU
		{DD2EEEA2-048A-47D8-A545-D531B5DC9BB0}.Release|Any CPU.Build.0 = Release|Any CPU
		{DD2EEEA2-048A-47D8-A545-D531B5DC9BB0}.Release|ARM.ActiveCfg = Release|Any CPU
		{DD2EEEA2-048A-47D8-A545-D531B5DC9BB0}.Release|ARM.Build.0 = Release|Any CPU
		{DD2EEEA2-048A-47D8-A545-D531B5DC9BB0}.Release|x64.ActiveCfg = Release|Any CPU
		{DD2EEEA2-048A-47D8-A545-D531B5DC9BB0}.Release|x64.Build.0 = Release|Any CPU
		{DD2EEEA2-048A-47D8-A545-D531B5DC9BB0}.Release|x86.ActiveCfg = Release|Any CPU
		{DD2EEEA2-048A-47D8-A545-D531B5DC9BB0}.Release|x86.Build.0 = Release|Any CPU
		{F1CB0541-663E-42E6-B349-C69C5FB9C155}.Debug|Any CPU.ActiveCfg = Debug|Any CPU
		{F1CB0541-663E-42E6-B349-C69C5FB9C155}.Debug|Any CPU.Build.0 = Debug|Any CPU
		{F1CB0541-663E-42E6-B349-C69C5FB9C155}.Debug|ARM.ActiveCfg = Debug|Any CPU
		{F1CB0541-663E-42E6-B349-C69C5FB9C155}.Debug|ARM.Build.0 = Debug|Any CPU
		{F1CB0541-663E-42E6-B349-C69C5FB9C155}.Debug|x64.ActiveCfg = Debug|Any CPU
		{F1CB0541-663E-42E6-B349-C69C5FB9C155}.Debug|x64.Build.0 = Debug|Any CPU
		{F1CB0541-663E-42E6-B349-C69C5FB9C155}.Debug|x86.ActiveCfg = Debug|Any CPU
		{F1CB0541-663E-42E6-B349-C69C5FB9C155}.Debug|x86.Build.0 = Debug|Any CPU
		{F1CB0541-663E-42E6-B349-C69C5FB9C155}.Release|Any CPU.ActiveCfg = Release|Any CPU
		{F1CB0541-663E-42E6-B349-C69C5FB9C155}.Release|Any CPU.Build.0 = Release|Any CPU
		{F1CB0541-663E-42E6-B349-C69C5FB9C155}.Release|ARM.ActiveCfg = Release|Any CPU
		{F1CB0541-663E-42E6-B349-C69C5FB9C155}.Release|ARM.Build.0 = Release|Any CPU
		{F1CB0541-663E-42E6-B349-C69C5FB9C155}.Release|x64.ActiveCfg = Release|Any CPU
		{F1CB0541-663E-42E6-B349-C69C5FB9C155}.Release|x64.Build.0 = Release|Any CPU
		{F1CB0541-663E-42E6-B349-C69C5FB9C155}.Release|x86.ActiveCfg = Release|Any CPU
		{F1CB0541-663E-42E6-B349-C69C5FB9C155}.Release|x86.Build.0 = Release|Any CPU
		{DE43AAE4-1C37-47EB-A4C3-00A5619D08F8}.Debug|Any CPU.ActiveCfg = Debug|Any CPU
		{DE43AAE4-1C37-47EB-A4C3-00A5619D08F8}.Debug|Any CPU.Build.0 = Debug|Any CPU
		{DE43AAE4-1C37-47EB-A4C3-00A5619D08F8}.Debug|ARM.ActiveCfg = Debug|Any CPU
		{DE43AAE4-1C37-47EB-A4C3-00A5619D08F8}.Debug|ARM.Build.0 = Debug|Any CPU
		{DE43AAE4-1C37-47EB-A4C3-00A5619D08F8}.Debug|x64.ActiveCfg = Debug|Any CPU
		{DE43AAE4-1C37-47EB-A4C3-00A5619D08F8}.Debug|x64.Build.0 = Debug|Any CPU
		{DE43AAE4-1C37-47EB-A4C3-00A5619D08F8}.Debug|x86.ActiveCfg = Debug|Any CPU
		{DE43AAE4-1C37-47EB-A4C3-00A5619D08F8}.Debug|x86.Build.0 = Debug|Any CPU
		{DE43AAE4-1C37-47EB-A4C3-00A5619D08F8}.Release|Any CPU.ActiveCfg = Release|Any CPU
		{DE43AAE4-1C37-47EB-A4C3-00A5619D08F8}.Release|Any CPU.Build.0 = Release|Any CPU
		{DE43AAE4-1C37-47EB-A4C3-00A5619D08F8}.Release|ARM.ActiveCfg = Release|Any CPU
		{DE43AAE4-1C37-47EB-A4C3-00A5619D08F8}.Release|ARM.Build.0 = Release|Any CPU
		{DE43AAE4-1C37-47EB-A4C3-00A5619D08F8}.Release|x64.ActiveCfg = Release|Any CPU
		{DE43AAE4-1C37-47EB-A4C3-00A5619D08F8}.Release|x64.Build.0 = Release|Any CPU
		{DE43AAE4-1C37-47EB-A4C3-00A5619D08F8}.Release|x86.ActiveCfg = Release|Any CPU
		{DE43AAE4-1C37-47EB-A4C3-00A5619D08F8}.Release|x86.Build.0 = Release|Any CPU
		{FE4B362E-88E2-4E42-BE6E-BC5C96EDCA5D}.Debug|Any CPU.ActiveCfg = Debug|Any CPU
		{FE4B362E-88E2-4E42-BE6E-BC5C96EDCA5D}.Debug|Any CPU.Build.0 = Debug|Any CPU
		{FE4B362E-88E2-4E42-BE6E-BC5C96EDCA5D}.Debug|ARM.ActiveCfg = Debug|Any CPU
		{FE4B362E-88E2-4E42-BE6E-BC5C96EDCA5D}.Debug|ARM.Build.0 = Debug|Any CPU
		{FE4B362E-88E2-4E42-BE6E-BC5C96EDCA5D}.Debug|x64.ActiveCfg = Debug|Any CPU
		{FE4B362E-88E2-4E42-BE6E-BC5C96EDCA5D}.Debug|x64.Build.0 = Debug|Any CPU
		{FE4B362E-88E2-4E42-BE6E-BC5C96EDCA5D}.Debug|x86.ActiveCfg = Debug|Any CPU
		{FE4B362E-88E2-4E42-BE6E-BC5C96EDCA5D}.Debug|x86.Build.0 = Debug|Any CPU
		{FE4B362E-88E2-4E42-BE6E-BC5C96EDCA5D}.Release|Any CPU.ActiveCfg = Release|Any CPU
		{FE4B362E-88E2-4E42-BE6E-BC5C96EDCA5D}.Release|Any CPU.Build.0 = Release|Any CPU
		{FE4B362E-88E2-4E42-BE6E-BC5C96EDCA5D}.Release|ARM.ActiveCfg = Release|Any CPU
		{FE4B362E-88E2-4E42-BE6E-BC5C96EDCA5D}.Release|ARM.Build.0 = Release|Any CPU
		{FE4B362E-88E2-4E42-BE6E-BC5C96EDCA5D}.Release|x64.ActiveCfg = Release|Any CPU
		{FE4B362E-88E2-4E42-BE6E-BC5C96EDCA5D}.Release|x64.Build.0 = Release|Any CPU
		{FE4B362E-88E2-4E42-BE6E-BC5C96EDCA5D}.Release|x86.ActiveCfg = Release|Any CPU
		{FE4B362E-88E2-4E42-BE6E-BC5C96EDCA5D}.Release|x86.Build.0 = Release|Any CPU
		{B0C9AE57-AA49-4C08-9FB1-E3D531C1AF15}.Debug|Any CPU.ActiveCfg = Debug|Any CPU
		{B0C9AE57-AA49-4C08-9FB1-E3D531C1AF15}.Debug|Any CPU.Build.0 = Debug|Any CPU
		{B0C9AE57-AA49-4C08-9FB1-E3D531C1AF15}.Debug|ARM.ActiveCfg = Debug|Any CPU
		{B0C9AE57-AA49-4C08-9FB1-E3D531C1AF15}.Debug|ARM.Build.0 = Debug|Any CPU
		{B0C9AE57-AA49-4C08-9FB1-E3D531C1AF15}.Debug|x64.ActiveCfg = Debug|Any CPU
		{B0C9AE57-AA49-4C08-9FB1-E3D531C1AF15}.Debug|x64.Build.0 = Debug|Any CPU
		{B0C9AE57-AA49-4C08-9FB1-E3D531C1AF15}.Debug|x86.ActiveCfg = Debug|Any CPU
		{B0C9AE57-AA49-4C08-9FB1-E3D531C1AF15}.Debug|x86.Build.0 = Debug|Any CPU
		{B0C9AE57-AA49-4C08-9FB1-E3D531C1AF15}.Release|Any CPU.ActiveCfg = Release|Any CPU
		{B0C9AE57-AA49-4C08-9FB1-E3D531C1AF15}.Release|Any CPU.Build.0 = Release|Any CPU
		{B0C9AE57-AA49-4C08-9FB1-E3D531C1AF15}.Release|ARM.ActiveCfg = Release|Any CPU
		{B0C9AE57-AA49-4C08-9FB1-E3D531C1AF15}.Release|ARM.Build.0 = Release|Any CPU
		{B0C9AE57-AA49-4C08-9FB1-E3D531C1AF15}.Release|x64.ActiveCfg = Release|Any CPU
		{B0C9AE57-AA49-4C08-9FB1-E3D531C1AF15}.Release|x64.Build.0 = Release|Any CPU
		{B0C9AE57-AA49-4C08-9FB1-E3D531C1AF15}.Release|x86.ActiveCfg = Release|Any CPU
		{B0C9AE57-AA49-4C08-9FB1-E3D531C1AF15}.Release|x86.Build.0 = Release|Any CPU
		{6A786B2B-70F4-4195-81D7-E3D3F4C3B462}.Debug|Any CPU.ActiveCfg = Debug|Any CPU
		{6A786B2B-70F4-4195-81D7-E3D3F4C3B462}.Debug|Any CPU.Build.0 = Debug|Any CPU
		{6A786B2B-70F4-4195-81D7-E3D3F4C3B462}.Debug|ARM.ActiveCfg = Debug|Any CPU
		{6A786B2B-70F4-4195-81D7-E3D3F4C3B462}.Debug|ARM.Build.0 = Debug|Any CPU
		{6A786B2B-70F4-4195-81D7-E3D3F4C3B462}.Debug|x64.ActiveCfg = Debug|Any CPU
		{6A786B2B-70F4-4195-81D7-E3D3F4C3B462}.Debug|x64.Build.0 = Debug|Any CPU
		{6A786B2B-70F4-4195-81D7-E3D3F4C3B462}.Debug|x86.ActiveCfg = Debug|Any CPU
		{6A786B2B-70F4-4195-81D7-E3D3F4C3B462}.Debug|x86.Build.0 = Debug|Any CPU
		{6A786B2B-70F4-4195-81D7-E3D3F4C3B462}.Release|Any CPU.ActiveCfg = Release|Any CPU
		{6A786B2B-70F4-4195-81D7-E3D3F4C3B462}.Release|Any CPU.Build.0 = Release|Any CPU
		{6A786B2B-70F4-4195-81D7-E3D3F4C3B462}.Release|ARM.ActiveCfg = Release|Any CPU
		{6A786B2B-70F4-4195-81D7-E3D3F4C3B462}.Release|ARM.Build.0 = Release|Any CPU
		{6A786B2B-70F4-4195-81D7-E3D3F4C3B462}.Release|x64.ActiveCfg = Release|Any CPU
		{6A786B2B-70F4-4195-81D7-E3D3F4C3B462}.Release|x64.Build.0 = Release|Any CPU
		{6A786B2B-70F4-4195-81D7-E3D3F4C3B462}.Release|x86.ActiveCfg = Release|Any CPU
		{6A786B2B-70F4-4195-81D7-E3D3F4C3B462}.Release|x86.Build.0 = Release|Any CPU
		{6EBA831A-2185-4318-A057-C5D1F9E5158A}.Debug|Any CPU.ActiveCfg = Debug|Any CPU
		{6EBA831A-2185-4318-A057-C5D1F9E5158A}.Debug|Any CPU.Build.0 = Debug|Any CPU
		{6EBA831A-2185-4318-A057-C5D1F9E5158A}.Debug|ARM.ActiveCfg = Debug|Any CPU
		{6EBA831A-2185-4318-A057-C5D1F9E5158A}.Debug|ARM.Build.0 = Debug|Any CPU
		{6EBA831A-2185-4318-A057-C5D1F9E5158A}.Debug|x64.ActiveCfg = Debug|Any CPU
		{6EBA831A-2185-4318-A057-C5D1F9E5158A}.Debug|x64.Build.0 = Debug|Any CPU
		{6EBA831A-2185-4318-A057-C5D1F9E5158A}.Debug|x86.ActiveCfg = Debug|Any CPU
		{6EBA831A-2185-4318-A057-C5D1F9E5158A}.Debug|x86.Build.0 = Debug|Any CPU
		{6EBA831A-2185-4318-A057-C5D1F9E5158A}.Release|Any CPU.ActiveCfg = Release|Any CPU
		{6EBA831A-2185-4318-A057-C5D1F9E5158A}.Release|Any CPU.Build.0 = Release|Any CPU
		{6EBA831A-2185-4318-A057-C5D1F9E5158A}.Release|ARM.ActiveCfg = Release|Any CPU
		{6EBA831A-2185-4318-A057-C5D1F9E5158A}.Release|ARM.Build.0 = Release|Any CPU
		{6EBA831A-2185-4318-A057-C5D1F9E5158A}.Release|x64.ActiveCfg = Release|Any CPU
		{6EBA831A-2185-4318-A057-C5D1F9E5158A}.Release|x64.Build.0 = Release|Any CPU
		{6EBA831A-2185-4318-A057-C5D1F9E5158A}.Release|x86.ActiveCfg = Release|Any CPU
		{6EBA831A-2185-4318-A057-C5D1F9E5158A}.Release|x86.Build.0 = Release|Any CPU
		{6E58DFD7-5154-4AA3-96DF-E562DE00393B}.Debug|Any CPU.ActiveCfg = Debug|Any CPU
		{6E58DFD7-5154-4AA3-96DF-E562DE00393B}.Debug|Any CPU.Build.0 = Debug|Any CPU
		{6E58DFD7-5154-4AA3-96DF-E562DE00393B}.Debug|ARM.ActiveCfg = Debug|Any CPU
		{6E58DFD7-5154-4AA3-96DF-E562DE00393B}.Debug|ARM.Build.0 = Debug|Any CPU
		{6E58DFD7-5154-4AA3-96DF-E562DE00393B}.Debug|x64.ActiveCfg = Debug|Any CPU
		{6E58DFD7-5154-4AA3-96DF-E562DE00393B}.Debug|x64.Build.0 = Debug|Any CPU
		{6E58DFD7-5154-4AA3-96DF-E562DE00393B}.Debug|x86.ActiveCfg = Debug|Any CPU
		{6E58DFD7-5154-4AA3-96DF-E562DE00393B}.Debug|x86.Build.0 = Debug|Any CPU
		{6E58DFD7-5154-4AA3-96DF-E562DE00393B}.Release|Any CPU.ActiveCfg = Release|Any CPU
		{6E58DFD7-5154-4AA3-96DF-E562DE00393B}.Release|Any CPU.Build.0 = Release|Any CPU
		{6E58DFD7-5154-4AA3-96DF-E562DE00393B}.Release|ARM.ActiveCfg = Release|Any CPU
		{6E58DFD7-5154-4AA3-96DF-E562DE00393B}.Release|ARM.Build.0 = Release|Any CPU
		{6E58DFD7-5154-4AA3-96DF-E562DE00393B}.Release|x64.ActiveCfg = Release|Any CPU
		{6E58DFD7-5154-4AA3-96DF-E562DE00393B}.Release|x64.Build.0 = Release|Any CPU
		{6E58DFD7-5154-4AA3-96DF-E562DE00393B}.Release|x86.ActiveCfg = Release|Any CPU
		{6E58DFD7-5154-4AA3-96DF-E562DE00393B}.Release|x86.Build.0 = Release|Any CPU
		{4BA767FF-F965-4BBE-BDC4-A9D5F0D17502}.Debug|Any CPU.ActiveCfg = Debug|Any CPU
		{4BA767FF-F965-4BBE-BDC4-A9D5F0D17502}.Debug|Any CPU.Build.0 = Debug|Any CPU
		{4BA767FF-F965-4BBE-BDC4-A9D5F0D17502}.Debug|ARM.ActiveCfg = Debug|Any CPU
		{4BA767FF-F965-4BBE-BDC4-A9D5F0D17502}.Debug|ARM.Build.0 = Debug|Any CPU
		{4BA767FF-F965-4BBE-BDC4-A9D5F0D17502}.Debug|x64.ActiveCfg = Debug|Any CPU
		{4BA767FF-F965-4BBE-BDC4-A9D5F0D17502}.Debug|x64.Build.0 = Debug|Any CPU
		{4BA767FF-F965-4BBE-BDC4-A9D5F0D17502}.Debug|x86.ActiveCfg = Debug|Any CPU
		{4BA767FF-F965-4BBE-BDC4-A9D5F0D17502}.Debug|x86.Build.0 = Debug|Any CPU
		{4BA767FF-F965-4BBE-BDC4-A9D5F0D17502}.Release|Any CPU.ActiveCfg = Release|Any CPU
		{4BA767FF-F965-4BBE-BDC4-A9D5F0D17502}.Release|Any CPU.Build.0 = Release|Any CPU
		{4BA767FF-F965-4BBE-BDC4-A9D5F0D17502}.Release|ARM.ActiveCfg = Release|Any CPU
		{4BA767FF-F965-4BBE-BDC4-A9D5F0D17502}.Release|ARM.Build.0 = Release|Any CPU
		{4BA767FF-F965-4BBE-BDC4-A9D5F0D17502}.Release|x64.ActiveCfg = Release|Any CPU
		{4BA767FF-F965-4BBE-BDC4-A9D5F0D17502}.Release|x64.Build.0 = Release|Any CPU
		{4BA767FF-F965-4BBE-BDC4-A9D5F0D17502}.Release|x86.ActiveCfg = Release|Any CPU
		{4BA767FF-F965-4BBE-BDC4-A9D5F0D17502}.Release|x86.Build.0 = Release|Any CPU
		{1CB10A3B-3341-4E1D-B5B7-531919D79944}.Debug|Any CPU.ActiveCfg = Debug|Any CPU
		{1CB10A3B-3341-4E1D-B5B7-531919D79944}.Debug|Any CPU.Build.0 = Debug|Any CPU
		{1CB10A3B-3341-4E1D-B5B7-531919D79944}.Debug|ARM.ActiveCfg = Debug|Any CPU
		{1CB10A3B-3341-4E1D-B5B7-531919D79944}.Debug|ARM.Build.0 = Debug|Any CPU
		{1CB10A3B-3341-4E1D-B5B7-531919D79944}.Debug|x64.ActiveCfg = Debug|Any CPU
		{1CB10A3B-3341-4E1D-B5B7-531919D79944}.Debug|x64.Build.0 = Debug|Any CPU
		{1CB10A3B-3341-4E1D-B5B7-531919D79944}.Debug|x86.ActiveCfg = Debug|Any CPU
		{1CB10A3B-3341-4E1D-B5B7-531919D79944}.Debug|x86.Build.0 = Debug|Any CPU
		{1CB10A3B-3341-4E1D-B5B7-531919D79944}.Release|Any CPU.ActiveCfg = Release|Any CPU
		{1CB10A3B-3341-4E1D-B5B7-531919D79944}.Release|Any CPU.Build.0 = Release|Any CPU
		{1CB10A3B-3341-4E1D-B5B7-531919D79944}.Release|ARM.ActiveCfg = Release|Any CPU
		{1CB10A3B-3341-4E1D-B5B7-531919D79944}.Release|ARM.Build.0 = Release|Any CPU
		{1CB10A3B-3341-4E1D-B5B7-531919D79944}.Release|x64.ActiveCfg = Release|Any CPU
		{1CB10A3B-3341-4E1D-B5B7-531919D79944}.Release|x64.Build.0 = Release|Any CPU
		{1CB10A3B-3341-4E1D-B5B7-531919D79944}.Release|x86.ActiveCfg = Release|Any CPU
		{1CB10A3B-3341-4E1D-B5B7-531919D79944}.Release|x86.Build.0 = Release|Any CPU
		{5A015873-4F52-4643-B03B-A934813A92A1}.Debug|Any CPU.ActiveCfg = Debug|Any CPU
		{5A015873-4F52-4643-B03B-A934813A92A1}.Debug|Any CPU.Build.0 = Debug|Any CPU
		{5A015873-4F52-4643-B03B-A934813A92A1}.Debug|ARM.ActiveCfg = Debug|Any CPU
		{5A015873-4F52-4643-B03B-A934813A92A1}.Debug|ARM.Build.0 = Debug|Any CPU
		{5A015873-4F52-4643-B03B-A934813A92A1}.Debug|x64.ActiveCfg = Debug|Any CPU
		{5A015873-4F52-4643-B03B-A934813A92A1}.Debug|x64.Build.0 = Debug|Any CPU
		{5A015873-4F52-4643-B03B-A934813A92A1}.Debug|x86.ActiveCfg = Debug|Any CPU
		{5A015873-4F52-4643-B03B-A934813A92A1}.Debug|x86.Build.0 = Debug|Any CPU
		{5A015873-4F52-4643-B03B-A934813A92A1}.Release|Any CPU.ActiveCfg = Release|Any CPU
		{5A015873-4F52-4643-B03B-A934813A92A1}.Release|Any CPU.Build.0 = Release|Any CPU
		{5A015873-4F52-4643-B03B-A934813A92A1}.Release|ARM.ActiveCfg = Release|Any CPU
		{5A015873-4F52-4643-B03B-A934813A92A1}.Release|ARM.Build.0 = Release|Any CPU
		{5A015873-4F52-4643-B03B-A934813A92A1}.Release|x64.ActiveCfg = Release|Any CPU
		{5A015873-4F52-4643-B03B-A934813A92A1}.Release|x64.Build.0 = Release|Any CPU
		{5A015873-4F52-4643-B03B-A934813A92A1}.Release|x86.ActiveCfg = Release|Any CPU
		{5A015873-4F52-4643-B03B-A934813A92A1}.Release|x86.Build.0 = Release|Any CPU
		{F98F97D5-4F29-4531-AD05-D90F8E84C9AA}.Debug|Any CPU.ActiveCfg = Debug|Any CPU
		{F98F97D5-4F29-4531-AD05-D90F8E84C9AA}.Debug|Any CPU.Build.0 = Debug|Any CPU
		{F98F97D5-4F29-4531-AD05-D90F8E84C9AA}.Debug|ARM.ActiveCfg = Debug|Any CPU
		{F98F97D5-4F29-4531-AD05-D90F8E84C9AA}.Debug|ARM.Build.0 = Debug|Any CPU
		{F98F97D5-4F29-4531-AD05-D90F8E84C9AA}.Debug|x64.ActiveCfg = Debug|Any CPU
		{F98F97D5-4F29-4531-AD05-D90F8E84C9AA}.Debug|x64.Build.0 = Debug|Any CPU
		{F98F97D5-4F29-4531-AD05-D90F8E84C9AA}.Debug|x86.ActiveCfg = Debug|Any CPU
		{F98F97D5-4F29-4531-AD05-D90F8E84C9AA}.Debug|x86.Build.0 = Debug|Any CPU
		{F98F97D5-4F29-4531-AD05-D90F8E84C9AA}.Release|Any CPU.ActiveCfg = Release|Any CPU
		{F98F97D5-4F29-4531-AD05-D90F8E84C9AA}.Release|Any CPU.Build.0 = Release|Any CPU
		{F98F97D5-4F29-4531-AD05-D90F8E84C9AA}.Release|ARM.ActiveCfg = Release|Any CPU
		{F98F97D5-4F29-4531-AD05-D90F8E84C9AA}.Release|ARM.Build.0 = Release|Any CPU
		{F98F97D5-4F29-4531-AD05-D90F8E84C9AA}.Release|x64.ActiveCfg = Release|Any CPU
		{F98F97D5-4F29-4531-AD05-D90F8E84C9AA}.Release|x64.Build.0 = Release|Any CPU
		{F98F97D5-4F29-4531-AD05-D90F8E84C9AA}.Release|x86.ActiveCfg = Release|Any CPU
		{F98F97D5-4F29-4531-AD05-D90F8E84C9AA}.Release|x86.Build.0 = Release|Any CPU
		{E40D6710-C21D-444D-8E81-3F8D07CD8260}.Debug|Any CPU.ActiveCfg = Debug|Any CPU
		{E40D6710-C21D-444D-8E81-3F8D07CD8260}.Debug|Any CPU.Build.0 = Debug|Any CPU
		{E40D6710-C21D-444D-8E81-3F8D07CD8260}.Debug|ARM.ActiveCfg = Debug|Any CPU
		{E40D6710-C21D-444D-8E81-3F8D07CD8260}.Debug|ARM.Build.0 = Debug|Any CPU
		{E40D6710-C21D-444D-8E81-3F8D07CD8260}.Debug|x64.ActiveCfg = Debug|Any CPU
		{E40D6710-C21D-444D-8E81-3F8D07CD8260}.Debug|x64.Build.0 = Debug|Any CPU
		{E40D6710-C21D-444D-8E81-3F8D07CD8260}.Debug|x86.ActiveCfg = Debug|Any CPU
		{E40D6710-C21D-444D-8E81-3F8D07CD8260}.Debug|x86.Build.0 = Debug|Any CPU
		{E40D6710-C21D-444D-8E81-3F8D07CD8260}.Release|Any CPU.ActiveCfg = Release|Any CPU
		{E40D6710-C21D-444D-8E81-3F8D07CD8260}.Release|Any CPU.Build.0 = Release|Any CPU
		{E40D6710-C21D-444D-8E81-3F8D07CD8260}.Release|ARM.ActiveCfg = Release|Any CPU
		{E40D6710-C21D-444D-8E81-3F8D07CD8260}.Release|ARM.Build.0 = Release|Any CPU
		{E40D6710-C21D-444D-8E81-3F8D07CD8260}.Release|x64.ActiveCfg = Release|Any CPU
		{E40D6710-C21D-444D-8E81-3F8D07CD8260}.Release|x64.Build.0 = Release|Any CPU
		{E40D6710-C21D-444D-8E81-3F8D07CD8260}.Release|x86.ActiveCfg = Release|Any CPU
		{E40D6710-C21D-444D-8E81-3F8D07CD8260}.Release|x86.Build.0 = Release|Any CPU
		{C8DD25BF-D7A6-48F7-B94C-E9FBC33DBE31}.Debug|Any CPU.ActiveCfg = Debug|Any CPU
		{C8DD25BF-D7A6-48F7-B94C-E9FBC33DBE31}.Debug|Any CPU.Build.0 = Debug|Any CPU
		{C8DD25BF-D7A6-48F7-B94C-E9FBC33DBE31}.Debug|ARM.ActiveCfg = Debug|Any CPU
		{C8DD25BF-D7A6-48F7-B94C-E9FBC33DBE31}.Debug|ARM.Build.0 = Debug|Any CPU
		{C8DD25BF-D7A6-48F7-B94C-E9FBC33DBE31}.Debug|x64.ActiveCfg = Debug|Any CPU
		{C8DD25BF-D7A6-48F7-B94C-E9FBC33DBE31}.Debug|x64.Build.0 = Debug|Any CPU
		{C8DD25BF-D7A6-48F7-B94C-E9FBC33DBE31}.Debug|x86.ActiveCfg = Debug|Any CPU
		{C8DD25BF-D7A6-48F7-B94C-E9FBC33DBE31}.Debug|x86.Build.0 = Debug|Any CPU
		{C8DD25BF-D7A6-48F7-B94C-E9FBC33DBE31}.Release|Any CPU.ActiveCfg = Release|Any CPU
		{C8DD25BF-D7A6-48F7-B94C-E9FBC33DBE31}.Release|Any CPU.Build.0 = Release|Any CPU
		{C8DD25BF-D7A6-48F7-B94C-E9FBC33DBE31}.Release|ARM.ActiveCfg = Release|Any CPU
		{C8DD25BF-D7A6-48F7-B94C-E9FBC33DBE31}.Release|ARM.Build.0 = Release|Any CPU
		{C8DD25BF-D7A6-48F7-B94C-E9FBC33DBE31}.Release|x64.ActiveCfg = Release|Any CPU
		{C8DD25BF-D7A6-48F7-B94C-E9FBC33DBE31}.Release|x64.Build.0 = Release|Any CPU
		{C8DD25BF-D7A6-48F7-B94C-E9FBC33DBE31}.Release|x86.ActiveCfg = Release|Any CPU
		{C8DD25BF-D7A6-48F7-B94C-E9FBC33DBE31}.Release|x86.Build.0 = Release|Any CPU
		{48376712-0DFB-412D-BA0E-927C38FA6325}.Debug|Any CPU.ActiveCfg = Debug|Any CPU
		{48376712-0DFB-412D-BA0E-927C38FA6325}.Debug|Any CPU.Build.0 = Debug|Any CPU
		{48376712-0DFB-412D-BA0E-927C38FA6325}.Debug|ARM.ActiveCfg = Debug|Any CPU
		{48376712-0DFB-412D-BA0E-927C38FA6325}.Debug|ARM.Build.0 = Debug|Any CPU
		{48376712-0DFB-412D-BA0E-927C38FA6325}.Debug|x64.ActiveCfg = Debug|Any CPU
		{48376712-0DFB-412D-BA0E-927C38FA6325}.Debug|x64.Build.0 = Debug|Any CPU
		{48376712-0DFB-412D-BA0E-927C38FA6325}.Debug|x86.ActiveCfg = Debug|Any CPU
		{48376712-0DFB-412D-BA0E-927C38FA6325}.Debug|x86.Build.0 = Debug|Any CPU
		{48376712-0DFB-412D-BA0E-927C38FA6325}.Release|Any CPU.ActiveCfg = Release|Any CPU
		{48376712-0DFB-412D-BA0E-927C38FA6325}.Release|Any CPU.Build.0 = Release|Any CPU
		{48376712-0DFB-412D-BA0E-927C38FA6325}.Release|ARM.ActiveCfg = Release|Any CPU
		{48376712-0DFB-412D-BA0E-927C38FA6325}.Release|ARM.Build.0 = Release|Any CPU
		{48376712-0DFB-412D-BA0E-927C38FA6325}.Release|x64.ActiveCfg = Release|Any CPU
		{48376712-0DFB-412D-BA0E-927C38FA6325}.Release|x64.Build.0 = Release|Any CPU
		{48376712-0DFB-412D-BA0E-927C38FA6325}.Release|x86.ActiveCfg = Release|Any CPU
		{48376712-0DFB-412D-BA0E-927C38FA6325}.Release|x86.Build.0 = Release|Any CPU
		{D6987FB2-92ED-41C9-8D61-0CE555AE62D7}.Debug|Any CPU.ActiveCfg = Debug|Any CPU
		{D6987FB2-92ED-41C9-8D61-0CE555AE62D7}.Debug|Any CPU.Build.0 = Debug|Any CPU
		{D6987FB2-92ED-41C9-8D61-0CE555AE62D7}.Debug|ARM.ActiveCfg = Debug|Any CPU
		{D6987FB2-92ED-41C9-8D61-0CE555AE62D7}.Debug|ARM.Build.0 = Debug|Any CPU
		{D6987FB2-92ED-41C9-8D61-0CE555AE62D7}.Debug|x64.ActiveCfg = Debug|Any CPU
		{D6987FB2-92ED-41C9-8D61-0CE555AE62D7}.Debug|x64.Build.0 = Debug|Any CPU
		{D6987FB2-92ED-41C9-8D61-0CE555AE62D7}.Debug|x86.ActiveCfg = Debug|Any CPU
		{D6987FB2-92ED-41C9-8D61-0CE555AE62D7}.Debug|x86.Build.0 = Debug|Any CPU
		{D6987FB2-92ED-41C9-8D61-0CE555AE62D7}.Release|Any CPU.ActiveCfg = Release|Any CPU
		{D6987FB2-92ED-41C9-8D61-0CE555AE62D7}.Release|Any CPU.Build.0 = Release|Any CPU
		{D6987FB2-92ED-41C9-8D61-0CE555AE62D7}.Release|ARM.ActiveCfg = Release|Any CPU
		{D6987FB2-92ED-41C9-8D61-0CE555AE62D7}.Release|ARM.Build.0 = Release|Any CPU
		{D6987FB2-92ED-41C9-8D61-0CE555AE62D7}.Release|x64.ActiveCfg = Release|Any CPU
		{D6987FB2-92ED-41C9-8D61-0CE555AE62D7}.Release|x64.Build.0 = Release|Any CPU
		{D6987FB2-92ED-41C9-8D61-0CE555AE62D7}.Release|x86.ActiveCfg = Release|Any CPU
		{D6987FB2-92ED-41C9-8D61-0CE555AE62D7}.Release|x86.Build.0 = Release|Any CPU
		{4422206E-3FBF-42AD-BAE5-426E38E78693}.Debug|Any CPU.ActiveCfg = Debug|Any CPU
		{4422206E-3FBF-42AD-BAE5-426E38E78693}.Debug|Any CPU.Build.0 = Debug|Any CPU
		{4422206E-3FBF-42AD-BAE5-426E38E78693}.Debug|ARM.ActiveCfg = Debug|Any CPU
		{4422206E-3FBF-42AD-BAE5-426E38E78693}.Debug|ARM.Build.0 = Debug|Any CPU
		{4422206E-3FBF-42AD-BAE5-426E38E78693}.Debug|x64.ActiveCfg = Debug|Any CPU
		{4422206E-3FBF-42AD-BAE5-426E38E78693}.Debug|x64.Build.0 = Debug|Any CPU
		{4422206E-3FBF-42AD-BAE5-426E38E78693}.Debug|x86.ActiveCfg = Debug|Any CPU
		{4422206E-3FBF-42AD-BAE5-426E38E78693}.Debug|x86.Build.0 = Debug|Any CPU
		{4422206E-3FBF-42AD-BAE5-426E38E78693}.Release|Any CPU.ActiveCfg = Release|Any CPU
		{4422206E-3FBF-42AD-BAE5-426E38E78693}.Release|Any CPU.Build.0 = Release|Any CPU
		{4422206E-3FBF-42AD-BAE5-426E38E78693}.Release|ARM.ActiveCfg = Release|Any CPU
		{4422206E-3FBF-42AD-BAE5-426E38E78693}.Release|ARM.Build.0 = Release|Any CPU
		{4422206E-3FBF-42AD-BAE5-426E38E78693}.Release|x64.ActiveCfg = Release|Any CPU
		{4422206E-3FBF-42AD-BAE5-426E38E78693}.Release|x64.Build.0 = Release|Any CPU
		{4422206E-3FBF-42AD-BAE5-426E38E78693}.Release|x86.ActiveCfg = Release|Any CPU
		{4422206E-3FBF-42AD-BAE5-426E38E78693}.Release|x86.Build.0 = Release|Any CPU
		{0BD8C5CD-F6F5-46FE-993B-6B8EB9C29EB8}.Debug|Any CPU.ActiveCfg = Debug|Any CPU
		{0BD8C5CD-F6F5-46FE-993B-6B8EB9C29EB8}.Debug|Any CPU.Build.0 = Debug|Any CPU
		{0BD8C5CD-F6F5-46FE-993B-6B8EB9C29EB8}.Debug|ARM.ActiveCfg = Debug|Any CPU
		{0BD8C5CD-F6F5-46FE-993B-6B8EB9C29EB8}.Debug|ARM.Build.0 = Debug|Any CPU
		{0BD8C5CD-F6F5-46FE-993B-6B8EB9C29EB8}.Debug|x64.ActiveCfg = Debug|Any CPU
		{0BD8C5CD-F6F5-46FE-993B-6B8EB9C29EB8}.Debug|x64.Build.0 = Debug|Any CPU
		{0BD8C5CD-F6F5-46FE-993B-6B8EB9C29EB8}.Debug|x86.ActiveCfg = Debug|Any CPU
		{0BD8C5CD-F6F5-46FE-993B-6B8EB9C29EB8}.Debug|x86.Build.0 = Debug|Any CPU
		{0BD8C5CD-F6F5-46FE-993B-6B8EB9C29EB8}.Release|Any CPU.ActiveCfg = Release|Any CPU
		{0BD8C5CD-F6F5-46FE-993B-6B8EB9C29EB8}.Release|Any CPU.Build.0 = Release|Any CPU
		{0BD8C5CD-F6F5-46FE-993B-6B8EB9C29EB8}.Release|ARM.ActiveCfg = Release|Any CPU
		{0BD8C5CD-F6F5-46FE-993B-6B8EB9C29EB8}.Release|ARM.Build.0 = Release|Any CPU
		{0BD8C5CD-F6F5-46FE-993B-6B8EB9C29EB8}.Release|x64.ActiveCfg = Release|Any CPU
		{0BD8C5CD-F6F5-46FE-993B-6B8EB9C29EB8}.Release|x64.Build.0 = Release|Any CPU
		{0BD8C5CD-F6F5-46FE-993B-6B8EB9C29EB8}.Release|x86.ActiveCfg = Release|Any CPU
		{0BD8C5CD-F6F5-46FE-993B-6B8EB9C29EB8}.Release|x86.Build.0 = Release|Any CPU
		{046A637E-0401-4DD4-B42A-E718AEB34E1F}.Debug|Any CPU.ActiveCfg = Debug|x86
		{046A637E-0401-4DD4-B42A-E718AEB34E1F}.Debug|Any CPU.Build.0 = Debug|x86
		{046A637E-0401-4DD4-B42A-E718AEB34E1F}.Debug|ARM.ActiveCfg = Debug|x86
		{046A637E-0401-4DD4-B42A-E718AEB34E1F}.Debug|x64.ActiveCfg = Debug|x86
		{046A637E-0401-4DD4-B42A-E718AEB34E1F}.Debug|x86.ActiveCfg = Debug|x86
		{046A637E-0401-4DD4-B42A-E718AEB34E1F}.Debug|x86.Build.0 = Debug|x86
		{046A637E-0401-4DD4-B42A-E718AEB34E1F}.Release|Any CPU.ActiveCfg = Release|x86
		{046A637E-0401-4DD4-B42A-E718AEB34E1F}.Release|ARM.ActiveCfg = Release|x86
		{046A637E-0401-4DD4-B42A-E718AEB34E1F}.Release|x64.ActiveCfg = Release|x86
		{046A637E-0401-4DD4-B42A-E718AEB34E1F}.Release|x86.ActiveCfg = Release|x86
		{046A637E-0401-4DD4-B42A-E718AEB34E1F}.Release|x86.Build.0 = Release|x86
		{81F2AAEC-BA14-489C-B4B7-E2A3294F4CFE}.Debug|Any CPU.ActiveCfg = Debug|x86
		{81F2AAEC-BA14-489C-B4B7-E2A3294F4CFE}.Debug|Any CPU.Build.0 = Debug|x86
		{81F2AAEC-BA14-489C-B4B7-E2A3294F4CFE}.Debug|ARM.ActiveCfg = Debug|x86
		{81F2AAEC-BA14-489C-B4B7-E2A3294F4CFE}.Debug|x64.ActiveCfg = Debug|x86
		{81F2AAEC-BA14-489C-B4B7-E2A3294F4CFE}.Debug|x86.ActiveCfg = Debug|x86
		{81F2AAEC-BA14-489C-B4B7-E2A3294F4CFE}.Debug|x86.Build.0 = Debug|x86
		{81F2AAEC-BA14-489C-B4B7-E2A3294F4CFE}.Release|Any CPU.ActiveCfg = Release|x86
		{81F2AAEC-BA14-489C-B4B7-E2A3294F4CFE}.Release|ARM.ActiveCfg = Release|x86
		{81F2AAEC-BA14-489C-B4B7-E2A3294F4CFE}.Release|x64.ActiveCfg = Release|x86
		{81F2AAEC-BA14-489C-B4B7-E2A3294F4CFE}.Release|x86.ActiveCfg = Release|x86
		{81F2AAEC-BA14-489C-B4B7-E2A3294F4CFE}.Release|x86.Build.0 = Release|x86
		{C3853A33-EE99-4C9A-A48B-3340A1CE171E}.Debug|Any CPU.ActiveCfg = Debug|Any CPU
		{C3853A33-EE99-4C9A-A48B-3340A1CE171E}.Debug|Any CPU.Build.0 = Debug|Any CPU
		{C3853A33-EE99-4C9A-A48B-3340A1CE171E}.Debug|ARM.ActiveCfg = Debug|Any CPU
		{C3853A33-EE99-4C9A-A48B-3340A1CE171E}.Debug|ARM.Build.0 = Debug|Any CPU
		{C3853A33-EE99-4C9A-A48B-3340A1CE171E}.Debug|x64.ActiveCfg = Debug|Any CPU
		{C3853A33-EE99-4C9A-A48B-3340A1CE171E}.Debug|x64.Build.0 = Debug|Any CPU
		{C3853A33-EE99-4C9A-A48B-3340A1CE171E}.Debug|x86.ActiveCfg = Debug|Any CPU
		{C3853A33-EE99-4C9A-A48B-3340A1CE171E}.Debug|x86.Build.0 = Debug|Any CPU
		{C3853A33-EE99-4C9A-A48B-3340A1CE171E}.Release|Any CPU.ActiveCfg = Release|Any CPU
		{C3853A33-EE99-4C9A-A48B-3340A1CE171E}.Release|Any CPU.Build.0 = Release|Any CPU
		{C3853A33-EE99-4C9A-A48B-3340A1CE171E}.Release|ARM.ActiveCfg = Release|Any CPU
		{C3853A33-EE99-4C9A-A48B-3340A1CE171E}.Release|ARM.Build.0 = Release|Any CPU
		{C3853A33-EE99-4C9A-A48B-3340A1CE171E}.Release|x64.ActiveCfg = Release|Any CPU
		{C3853A33-EE99-4C9A-A48B-3340A1CE171E}.Release|x64.Build.0 = Release|Any CPU
		{C3853A33-EE99-4C9A-A48B-3340A1CE171E}.Release|x86.ActiveCfg = Release|Any CPU
		{C3853A33-EE99-4C9A-A48B-3340A1CE171E}.Release|x86.Build.0 = Release|Any CPU
	EndGlobalSection
	GlobalSection(SolutionProperties) = preSolution
		HideSolutionNode = FALSE
	EndGlobalSection
EndGlobal
