
Microsoft Visual Studio Solution File, Format Version 10.00
# Visual Studio 2008
Project("{F184B08F-C81C-45F6-A57F-5ABD9991F28F}") = "LATIR_PostgresGen", "LATIR_PostgresGen.vbproj", "{F1CB0541-663E-42E6-B349-C69C5FB9C155}"
EndProject
Project("{F184B08F-C81C-45F6-A57F-5ABD9991F28F}") = "OracleGen", "..\LATIR_ORACLEGEN\OracleGen\OracleGen.vbproj", "{DD2EEEA2-048A-47D8-A545-D531B5DC9BB0}"
EndProject
Global
	GlobalSection(SolutionConfigurationPlatforms) = preSolution
		Debug|Any CPU = Debug|Any CPU
		Release|Any CPU = Release|Any CPU
	EndGlobalSection
	GlobalSection(ProjectConfigurationPlatforms) = postSolution
		{F1CB0541-663E-42E6-B349-C69C5FB9C155}.Debug|Any CPU.ActiveCfg = Debug|Any CPU
		{F1CB0541-663E-42E6-B349-C69C5FB9C155}.Debug|Any CPU.Build.0 = Debug|Any CPU
		{F1CB0541-663E-42E6-B349-C69C5FB9C155}.Release|Any CPU.ActiveCfg = Release|Any CPU
		{F1CB0541-663E-42E6-B349-C69C5FB9C155}.Release|Any CPU.Build.0 = Release|Any CPU
		{DD2EEEA2-048A-47D8-A545-D531B5DC9BB0}.Debug|Any CPU.ActiveCfg = Debug|Any CPU
		{DD2EEEA2-048A-47D8-A545-D531B5DC9BB0}.Debug|Any CPU.Build.0 = Debug|Any CPU
		{DD2EEEA2-048A-47D8-A545-D531B5DC9BB0}.Release|Any CPU.ActiveCfg = Release|Any CPU
		{DD2EEEA2-048A-47D8-A545-D531B5DC9BB0}.Release|Any CPU.Build.0 = Release|Any CPU
	EndGlobalSection
	GlobalSection(SolutionProperties) = preSolution
		HideSolutionNode = FALSE
	EndGlobalSection
EndGlobal
